
Microsoft Visual Studio Solution File, Format Version 12.00
# Visual Studio Version 18
VisualStudioVersion = 18.3.11222.16
MinimumVisualStudioVersion = 10.0.40219.1
Project("{2150E333-8FDC-42A3-9474-1A3956D46DE8}") = "src", "src", "{827E0CD3-B72D-47B6-A68D-7590B98EB39B}"
EndProject
Project("{FAE04EC0-301F-11D3-BF4B-00C04F79EFBC}") = "SchoolSystem.Domain", "src\SchoolSystem.Domain\SchoolSystem.Domain.csproj", "{B26A720D-B3D9-4DEE-823A-E5F2DDBD6645}"
EndProject
Project("{FAE04EC0-301F-11D3-BF4B-00C04F79EFBC}") = "SchoolSystem.Application", "src\SchoolSystem.Application\SchoolSystem.Application.csproj", "{5767A71F-BC90-4F48-A21A-C4692F07C0CC}"
EndProject
Project("{FAE04EC0-301F-11D3-BF4B-00C04F79EFBC}") = "SchoolSystem.Infrastructure", "src\SchoolSystem.Infrastructure\SchoolSystem.Infrastructure.csproj", "{C652412A-D745-47B1-963F-430CE4060E42}"
EndProject
Project("{FAE04EC0-301F-11D3-BF4B-00C04F79EFBC}") = "SchoolSystem.API", "src\SchoolSystem.API\SchoolSystem.API.csproj", "{190923C6-B659-4649-A177-FA9D3347213D}"
EndProject
Project("{FAE04EC0-301F-11D3-BF4B-00C04F79EFBC}") = "SchoolSystem.Shared", "src\SchoolSystem.Shared\SchoolSystem.Shared.csproj", "{AF14177B-300C-414B-8AF5-F042B9BA38EA}"
EndProject
Project("{2150E333-8FDC-42A3-9474-1A3956D46DE8}") = "tests", "tests", "{0AB3BF05-4346-4AA6-1389-037BE0695223}"
EndProject
Project("{FAE04EC0-301F-11D3-BF4B-00C04F79EFBC}") = "SchoolSystem.UnitTests", "tests\SchoolSystem.UnitTests\SchoolSystem.UnitTests.csproj", "{BB051F40-28CF-46B6-9F49-0984B856CA4A}"
EndProject
Project("{FAE04EC0-301F-11D3-BF4B-00C04F79EFBC}") = "SchoolSystem.IntegrationTests", "tests\SchoolSystem.IntegrationTests\SchoolSystem.IntegrationTests.csproj", "{F5C34B5A-D257-445B-94DC-06072F101505}"
EndProject
Project("{FAE04EC0-301F-11D3-BF4B-00C04F79EFBC}") = "SchoolSystem.FunctionalTests", "tests\SchoolSystem.FunctionalTests\SchoolSystem.FunctionalTests.csproj", "{08913CB8-119D-4CA4-9945-F485B785C1FD}"
EndProject
Project("{FAE04EC0-301F-11D3-BF4B-00C04F79EFBC}") = "SchoolSystem.Web", "src\SchoolSystem.Web\SchoolSystem.Web.csproj", "{036B6ECC-EBAD-4A55-9F69-DD2E4AB8C3EC}"
EndProject
Global
	GlobalSection(SolutionConfigurationPlatforms) = preSolution
		Debug|Any CPU = Debug|Any CPU
		Debug|x64 = Debug|x64
		Debug|x86 = Debug|x86
		Release|Any CPU = Release|Any CPU
		Release|x64 = Release|x64
		Release|x86 = Release|x86
	EndGlobalSection
	GlobalSection(ProjectConfigurationPlatforms) = postSolution
		{B26A720D-B3D9-4DEE-823A-E5F2DDBD6645}.Debug|Any CPU.ActiveCfg = Debug|Any CPU
		{B26A720D-B3D9-4DEE-823A-E5F2DDBD6645}.Debug|Any CPU.Build.0 = Debug|Any CPU
		{B26A720D-B3D9-4DEE-823A-E5F2DDBD6645}.Debug|x64.ActiveCfg = Debug|Any CPU
		{B26A720D-B3D9-4DEE-823A-E5F2DDBD6645}.Debug|x64.Build.0 = Debug|Any CPU
		{B26A720D-B3D9-4DEE-823A-E5F2DDBD6645}.Debug|x86.ActiveCfg = Debug|Any CPU
		{B26A720D-B3D9-4DEE-823A-E5F2DDBD6645}.Debug|x86.Build.0 = Debug|Any CPU
		{B26A720D-B3D9-4DEE-823A-E5F2DDBD6645}.Release|Any CPU.ActiveCfg = Release|Any CPU
		{B26A720D-B3D9-4DEE-823A-E5F2DDBD6645}.Release|Any CPU.Build.0 = Release|Any CPU
		{B26A720D-B3D9-4DEE-823A-E5F2DDBD6645}.Release|x64.ActiveCfg = Release|Any CPU
		{B26A720D-B3D9-4DEE-823A-E5F2DDBD6645}.Release|x64.Build.0 = Release|Any CPU
		{B26A720D-B3D9-4DEE-823A-E5F2DDBD6645}.Release|x86.ActiveCfg = Release|Any CPU
		{B26A720D-B3D9-4DEE-823A-E5F2DDBD6645}.Release|x86.Build.0 = Release|Any CPU
		{5767A71F-BC90-4F48-A21A-C4692F07C0CC}.Debug|Any CPU.ActiveCfg = Debug|Any CPU
		{5767A71F-BC90-4F48-A21A-C4692F07C0CC}.Debug|Any CPU.Build.0 = Debug|Any CPU
		{5767A71F-BC90-4F48-A21A-C4692F07C0CC}.Debug|x64.ActiveCfg = Debug|Any CPU
		{5767A71F-BC90-4F48-A21A-C4692F07C0CC}.Debug|x64.Build.0 = Debug|Any CPU
		{5767A71F-BC90-4F48-A21A-C4692F07C0CC}.Debug|x86.ActiveCfg = Debug|Any CPU
		{5767A71F-BC90-4F48-A21A-C4692F07C0CC}.Debug|x86.Build.0 = Debug|Any CPU
		{5767A71F-BC90-4F48-A21A-C4692F07C0CC}.Release|Any CPU.ActiveCfg = Release|Any CPU
		{5767A71F-BC90-4F48-A21A-C4692F07C0CC}.Release|Any CPU.Build.0 = Release|Any CPU
		{5767A71F-BC90-4F48-A21A-C4692F07C0CC}.Release|x64.ActiveCfg = Release|Any CPU
		{5767A71F-BC90-4F48-A21A-C4692F07C0CC}.Release|x64.Build.0 = Release|Any CPU
		{5767A71F-BC90-4F48-A21A-C4692F07C0CC}.Release|x86.ActiveCfg = Release|Any CPU
		{5767A71F-BC90-4F48-A21A-C4692F07C0CC}.Release|x86.Build.0 = Release|Any CPU
		{C652412A-D745-47B1-963F-430CE4060E42}.Debug|Any CPU.ActiveCfg = Debug|Any CPU
		{C652412A-D745-47B1-963F-430CE4060E42}.Debug|Any CPU.Build.0 = Debug|Any CPU
		{C652412A-D745-47B1-963F-430CE4060E42}.Debug|x64.ActiveCfg = Debug|Any CPU
		{C652412A-D745-47B1-963F-430CE4060E42}.Debug|x64.Build.0 = Debug|Any CPU
		{C652412A-D745-47B1-963F-430CE4060E42}.Debug|x86.ActiveCfg = Debug|Any CPU
		{C652412A-D745-47B1-963F-430CE4060E42}.Debug|x86.Build.0 = Debug|Any CPU
		{C652412A-D745-47B1-963F-430CE4060E42}.Release|Any CPU.ActiveCfg = Release|Any CPU
		{C652412A-D745-47B1-963F-430CE4060E42}.Release|Any CPU.Build.0 = Release|Any CPU
		{C652412A-D745-47B1-963F-430CE4060E42}.Release|x64.ActiveCfg = Release|Any CPU
		{C652412A-D745-47B1-963F-430CE4060E42}.Release|x64.Build.0 = Release|Any CPU
		{C652412A-D745-47B1-963F-430CE4060E42}.Release|x86.ActiveCfg = Release|Any CPU
		{C652412A-D745-47B1-963F-430CE4060E42}.Release|x86.Build.0 = Release|Any CPU
		{190923C6-B659-4649-A177-FA9D3347213D}.Debug|Any CPU.ActiveCfg = Debug|Any CPU
		{190923C6-B659-4649-A177-FA9D3347213D}.Debug|Any CPU.Build.0 = Debug|Any CPU
		{190923C6-B659-4649-A177-FA9D3347213D}.Debug|x64.ActiveCfg = Debug|Any CPU
		{190923C6-B659-4649-A177-FA9D3347213D}.Debug|x64.Build.0 = Debug|Any CPU
		{190923C6-B659-4649-A177-FA9D3347213D}.Debug|x86.ActiveCfg = Debug|Any CPU
		{190923C6-B659-4649-A177-FA9D3347213D}.Debug|x86.Build.0 = Debug|Any CPU
		{190923C6-B659-4649-A177-FA9D3347213D}.Release|Any CPU.ActiveCfg = Release|Any CPU
		{190923C6-B659-4649-A177-FA9D3347213D}.Release|Any CPU.Build.0 = Release|Any CPU
		{190923C6-B659-4649-A177-FA9D3347213D}.Release|x64.ActiveCfg = Release|Any CPU
		{190923C6-B659-4649-A177-FA9D3347213D}.Release|x64.Build.0 = Release|Any CPU
		{190923C6-B659-4649-A177-FA9D3347213D}.Release|x86.ActiveCfg = Release|Any CPU
		{190923C6-B659-4649-A177-FA9D3347213D}.Release|x86.Build.0 = Release|Any CPU
		{AF14177B-300C-414B-8AF5-F042B9BA38EA}.Debug|Any CPU.ActiveCfg = Debug|Any CPU
		{AF14177B-300C-414B-8AF5-F042B9BA38EA}.Debug|Any CPU.Build.0 = Debug|Any CPU
		{AF14177B-300C-414B-8AF5-F042B9BA38EA}.Debug|x64.ActiveCfg = Debug|Any CPU
		{AF14177B-300C-414B-8AF5-F042B9BA38EA}.Debug|x64.Build.0 = Debug|Any CPU
		{AF14177B-300C-414B-8AF5-F042B9BA38EA}.Debug|x86.ActiveCfg = Debug|Any CPU
		{AF14177B-300C-414B-8AF5-F042B9BA38EA}.Debug|x86.Build.0 = Debug|Any CPU
		{AF14177B-300C-414B-8AF5-F042B9BA38EA}.Release|Any CPU.ActiveCfg = Release|Any CPU
		{AF14177B-300C-414B-8AF5-F042B9BA38EA}.Release|Any CPU.Build.0 = Release|Any CPU
		{AF14177B-300C-414B-8AF5-F042B9BA38EA}.Release|x64.ActiveCfg = Release|Any CPU
		{AF14177B-300C-414B-8AF5-F042B9BA38EA}.Release|x64.Build.0 = Release|Any CPU
		{AF14177B-300C-414B-8AF5-F042B9BA38EA}.Release|x86.ActiveCfg = Release|Any CPU
		{AF14177B-300C-414B-8AF5-F042B9BA38EA}.Release|x86.Build.0 = Release|Any CPU
		{BB051F40-28CF-46B6-9F49-0984B856CA4A}.Debug|Any CPU.ActiveCfg = Debug|Any CPU
		{BB051F40-28CF-46B6-9F49-0984B856CA4A}.Debug|Any CPU.Build.0 = Debug|Any CPU
		{BB051F40-28CF-46B6-9F49-0984B856CA4A}.Debug|x64.ActiveCfg = Debug|Any CPU
		{BB051F40-28CF-46B6-9F49-0984B856CA4A}.Debug|x64.Build.0 = Debug|Any CPU
		{BB051F40-28CF-46B6-9F49-0984B856CA4A}.Debug|x86.ActiveCfg = Debug|Any CPU
		{BB051F40-28CF-46B6-9F49-0984B856CA4A}.Debug|x86.Build.0 = Debug|Any CPU
		{BB051F40-28CF-46B6-9F49-0984B856CA4A}.Release|Any CPU.ActiveCfg = Release|Any CPU
		{BB051F40-28CF-46B6-9F49-0984B856CA4A}.Release|Any CPU.Build.0 = Release|Any CPU
		{BB051F40-28CF-46B6-9F49-0984B856CA4A}.Release|x64.ActiveCfg = Release|Any CPU
		{BB051F40-28CF-46B6-9F49-0984B856CA4A}.Release|x64.Build.0 = Release|Any CPU
		{BB051F40-28CF-46B6-9F49-0984B856CA4A}.Release|x86.ActiveCfg = Release|Any CPU
		{BB051F40-28CF-46B6-9F49-0984B856CA4A}.Release|x86.Build.0 = Release|Any CPU
		{F5C34B5A-D257-445B-94DC-06072F101505}.Debug|Any CPU.ActiveCfg = Debug|Any CPU
		{F5C34B5A-D257-445B-94DC-06072F101505}.Debug|Any CPU.Build.0 = Debug|Any CPU
		{F5C34B5A-D257-445B-94DC-06072F101505}.Debug|x64.ActiveCfg = Debug|Any CPU
		{F5C34B5A-D257-445B-94DC-06072F101505}.Debug|x64.Build.0 = Debug|Any CPU
		{F5C34B5A-D257-445B-94DC-06072F101505}.Debug|x86.ActiveCfg = Debug|Any CPU
		{F5C34B5A-D257-445B-94DC-06072F101505}.Debug|x86.Build.0 = Debug|Any CPU
		{F5C34B5A-D257-445B-94DC-06072F101505}.Release|Any CPU.ActiveCfg = Release|Any CPU
		{F5C34B5A-D257-445B-94DC-06072F101505}.Release|Any CPU.Build.0 = Release|Any CPU
		{F5C34B5A-D257-445B-94DC-06072F101505}.Release|x64.ActiveCfg = Release|Any CPU
		{F5C34B5A-D257-445B-94DC-06072F101505}.Release|x64.Build.0 = Release|Any CPU
		{F5C34B5A-D257-445B-94DC-06072F101505}.Release|x86.ActiveCfg = Release|Any CPU
		{F5C34B5A-D257-445B-94DC-06072F101505}.Release|x86.Build.0 = Release|Any CPU
		{08913CB8-119D-4CA4-9945-F485B785C1FD}.Debug|Any CPU.ActiveCfg = Debug|Any CPU
		{08913CB8-119D-4CA4-9945-F485B785C1FD}.Debug|Any CPU.Build.0 = Debug|Any CPU
		{08913CB8-119D-4CA4-9945-F485B785C1FD}.Debug|x64.ActiveCfg = Debug|Any CPU
		{08913CB8-119D-4CA4-9945-F485B785C1FD}.Debug|x64.Build.0 = Debug|Any CPU
		{08913CB8-119D-4CA4-9945-F485B785C1FD}.Debug|x86.ActiveCfg = Debug|Any CPU
		{08913CB8-119D-4CA4-9945-F485B785C1FD}.Debug|x86.Build.0 = Debug|Any CPU
		{08913CB8-119D-4CA4-9945-F485B785C1FD}.Release|Any CPU.ActiveCfg = Release|Any CPU
		{08913CB8-119D-4CA4-9945-F485B785C1FD}.Release|Any CPU.Build.0 = Release|Any CPU
		{08913CB8-119D-4CA4-9945-F485B785C1FD}.Release|x64.ActiveCfg = Release|Any CPU
		{08913CB8-119D-4CA4-9945-F485B785C1FD}.Release|x64.Build.0 = Release|Any CPU
		{08913CB8-119D-4CA4-9945-F485B785C1FD}.Release|x86.ActiveCfg = Release|Any CPU
		{08913CB8-119D-4CA4-9945-F485B785C1FD}.Release|x86.Build.0 = Release|Any CPU
		{036B6ECC-EBAD-4A55-9F69-DD2E4AB8C3EC}.Debug|Any CPU.ActiveCfg = Debug|Any CPU
		{036B6ECC-EBAD-4A55-9F69-DD2E4AB8C3EC}.Debug|Any CPU.Build.0 = Debug|Any CPU
		{036B6ECC-EBAD-4A55-9F69-DD2E4AB8C3EC}.Debug|x64.ActiveCfg = Debug|Any CPU
		{036B6ECC-EBAD-4A55-9F69-DD2E4AB8C3EC}.Debug|x64.Build.0 = Debug|Any CPU
		{036B6ECC-EBAD-4A55-9F69-DD2E4AB8C3EC}.Debug|x86.ActiveCfg = Debug|Any CPU
		{036B6ECC-EBAD-4A55-9F69-DD2E4AB8C3EC}.Debug|x86.Build.0 = Debug|Any CPU
		{036B6ECC-EBAD-4A55-9F69-DD2E4AB8C3EC}.Release|Any CPU.ActiveCfg = Release|Any CPU
		{036B6ECC-EBAD-4A55-9F69-DD2E4AB8C3EC}.Release|Any CPU.Build.0 = Release|Any CPU
		{036B6ECC-EBAD-4A55-9F69-DD2E4AB8C3EC}.Release|x64.ActiveCfg = Release|Any CPU
		{036B6ECC-EBAD-4A55-9F69-DD2E4AB8C3EC}.Release|x64.Build.0 = Release|Any CPU
		{036B6ECC-EBAD-4A55-9F69-DD2E4AB8C3EC}.Release|x86.ActiveCfg = Release|Any CPU
		{036B6ECC-EBAD-4A55-9F69-DD2E4AB8C3EC}.Release|x86.Build.0 = Release|Any CPU
	EndGlobalSection
	GlobalSection(SolutionProperties) = preSolution
		HideSolutionNode = FALSE
	EndGlobalSection
	GlobalSection(NestedProjects) = preSolution
		{B26A720D-B3D9-4DEE-823A-E5F2DDBD6645} = {827E0CD3-B72D-47B6-A68D-7590B98EB39B}
		{5767A71F-BC90-4F48-A21A-C4692F07C0CC} = {827E0CD3-B72D-47B6-A68D-7590B98EB39B}
		{C652412A-D745-47B1-963F-430CE4060E42} = {827E0CD3-B72D-47B6-A68D-7590B98EB39B}
		{190923C6-B659-4649-A177-FA9D3347213D} = {827E0CD3-B72D-47B6-A68D-7590B98EB39B}
		{AF14177B-300C-414B-8AF5-F042B9BA38EA} = {827E0CD3-B72D-47B6-A68D-7590B98EB39B}
		{BB051F40-28CF-46B6-9F49-0984B856CA4A} = {0AB3BF05-4346-4AA6-1389-037BE0695223}
		{F5C34B5A-D257-445B-94DC-06072F101505} = {0AB3BF05-4346-4AA6-1389-037BE0695223}
		{08913CB8-119D-4CA4-9945-F485B785C1FD} = {0AB3BF05-4346-4AA6-1389-037BE0695223}
		{036B6ECC-EBAD-4A55-9F69-DD2E4AB8C3EC} = {827E0CD3-B72D-47B6-A68D-7590B98EB39B}
	EndGlobalSection
	GlobalSection(ExtensibilityGlobals) = postSolution
		SolutionGuid = {46A8683D-E98A-4886-8186-F5C2B6004528}
	EndGlobalSection
EndGlobal
